PODS:
  - IconFontRegister (0.1.0)

DEPENDENCIES:
  - IconFontRegister (from `../`)

EXTERNAL SOURCES:
  IconFontRegister:
    :path: "../"

SPEC CHECKSUMS:
  IconFontRegister: 6f80e901d9977d4b9238f06afcb3f8cdefa49e1f

PODFILE CHECKSUM: eaa1220e8dcf18a220c3eecdd55a9281604862d3

COCOAPODS: 1.6.0.beta.2
